
Microsoft Visual Studio Solution File, Format Version 12.00
# Visual Studio Version 17
VisualStudioVersion = 17.0.31903.59
MinimumVisualStudioVersion = 10.0.40219.1
Project("{FAE04EC0-301F-11D3-BF4B-00C04F79EFBC}") = "Calculator", "Calculator\Calculator.csproj", "{28EC2DC7-4AC1-480C-9D74-04FF8AF28817}"
EndProject
Project("{FAE04EC0-301F-11D3-BF4B-00C04F79EFBC}") = "CalculatorTest", "CalculatorTest\CalculatorTest.csproj", "{77361AA0-AC10-45A8-A9AB-5F53B7AEA139}"
EndProject
Project("{FAE04EC0-301F-11D3-BF4B-00C04F79EFBC}") = "Nutrition.APIs", "Nutrition.APIs\Nutrition.APIs.csproj", "{24BAFAB9-1ADD-4F6B-A522-7666C26B69B1}"
EndProject
Project("{FAE04EC0-301F-11D3-BF4B-00C04F79EFBC}") = "Nutrition.APIs.Tests", "Nutrition.APIs.Tests\Nutrition.APIs.Tests.csproj", "{30375AC5-859D-4C90-91C7-BEBA6959BF99}"
EndProject
Project("{FAE04EC0-301F-11D3-BF4B-00C04F79EFBC}") = "Nutrition.Library", "Nutrition.Library\Nutrition.Library.csproj", "{1E9F930F-0BCF-4EEE-B35D-2752D83A59CA}"
EndProject
Project("{FAE04EC0-301F-11D3-BF4B-00C04F79EFBC}") = "Nutrition.Business", "Nutrition.Business\Nutrition.Business.csproj", "{236D73B8-45C7-4A30-8803-1686C2D80079}"
EndProject
Project("{FAE04EC0-301F-11D3-BF4B-00C04F79EFBC}") = "Nutrition.Web", "Nutrition.Web\Nutrition.Web.csproj", "{97BE2ADE-2AFA-4875-A1C4-63A665C576D3}"
EndProject
Global
	GlobalSection(SolutionConfigurationPlatforms) = preSolution
		Debug|Any CPU = Debug|Any CPU
		Release|Any CPU = Release|Any CPU
	EndGlobalSection
	GlobalSection(SolutionProperties) = preSolution
		HideSolutionNode = FALSE
	EndGlobalSection
	GlobalSection(ProjectConfigurationPlatforms) = postSolution
		{28EC2DC7-4AC1-480C-9D74-04FF8AF28817}.Debug|Any CPU.ActiveCfg = Debug|Any CPU
		{28EC2DC7-4AC1-480C-9D74-04FF8AF28817}.Debug|Any CPU.Build.0 = Debug|Any CPU
		{28EC2DC7-4AC1-480C-9D74-04FF8AF28817}.Release|Any CPU.ActiveCfg = Release|Any CPU
		{28EC2DC7-4AC1-480C-9D74-04FF8AF28817}.Release|Any CPU.Build.0 = Release|Any CPU
		{77361AA0-AC10-45A8-A9AB-5F53B7AEA139}.Debug|Any CPU.ActiveCfg = Debug|Any CPU
		{77361AA0-AC10-45A8-A9AB-5F53B7AEA139}.Debug|Any CPU.Build.0 = Debug|Any CPU
		{77361AA0-AC10-45A8-A9AB-5F53B7AEA139}.Release|Any CPU.ActiveCfg = Release|Any CPU
		{77361AA0-AC10-45A8-A9AB-5F53B7AEA139}.Release|Any CPU.Build.0 = Release|Any CPU
		{24BAFAB9-1ADD-4F6B-A522-7666C26B69B1}.Debug|Any CPU.ActiveCfg = Debug|Any CPU
		{24BAFAB9-1ADD-4F6B-A522-7666C26B69B1}.Debug|Any CPU.Build.0 = Debug|Any CPU
		{24BAFAB9-1ADD-4F6B-A522-7666C26B69B1}.Release|Any CPU.ActiveCfg = Release|Any CPU
		{24BAFAB9-1ADD-4F6B-A522-7666C26B69B1}.Release|Any CPU.Build.0 = Release|Any CPU
		{30375AC5-859D-4C90-91C7-BEBA6959BF99}.Debug|Any CPU.ActiveCfg = Debug|Any CPU
		{30375AC5-859D-4C90-91C7-BEBA6959BF99}.Debug|Any CPU.Build.0 = Debug|Any CPU
		{30375AC5-859D-4C90-91C7-BEBA6959BF99}.Release|Any CPU.ActiveCfg = Release|Any CPU
		{30375AC5-859D-4C90-91C7-BEBA6959BF99}.Release|Any CPU.Build.0 = Release|Any CPU
		{1E9F930F-0BCF-4EEE-B35D-2752D83A59CA}.Debug|Any CPU.ActiveCfg = Debug|Any CPU
		{1E9F930F-0BCF-4EEE-B35D-2752D83A59CA}.Debug|Any CPU.Build.0 = Debug|Any CPU
		{1E9F930F-0BCF-4EEE-B35D-2752D83A59CA}.Release|Any CPU.ActiveCfg = Release|Any CPU
		{1E9F930F-0BCF-4EEE-B35D-2752D83A59CA}.Release|Any CPU.Build.0 = Release|Any CPU
		{236D73B8-45C7-4A30-8803-1686C2D80079}.Debug|Any CPU.ActiveCfg = Debug|Any CPU
		{236D73B8-45C7-4A30-8803-1686C2D80079}.Debug|Any CPU.Build.0 = Debug|Any CPU
		{236D73B8-45C7-4A30-8803-1686C2D80079}.Release|Any CPU.ActiveCfg = Release|Any CPU
		{236D73B8-45C7-4A30-8803-1686C2D80079}.Release|Any CPU.Build.0 = Release|Any CPU
		{97BE2ADE-2AFA-4875-A1C4-63A665C576D3}.Debug|Any CPU.ActiveCfg = Debug|Any CPU
		{97BE2ADE-2AFA-4875-A1C4-63A665C576D3}.Debug|Any CPU.Build.0 = Debug|Any CPU
		{97BE2ADE-2AFA-4875-A1C4-63A665C576D3}.Release|Any CPU.ActiveCfg = Release|Any CPU
		{97BE2ADE-2AFA-4875-A1C4-63A665C576D3}.Release|Any CPU.Build.0 = Release|Any CPU
	EndGlobalSection
EndGlobal
